
Microsoft Visual Studio Solution File, Format Version 12.00
# Visual Studio Version 16
VisualStudioVersion = 16.0.31410.357
MinimumVisualStudioVersion = 10.0.40219.1
Project("{9A19103F-16F7-4668-BE54-9A1E7A4F7556}") = "DataAccess", "DataAccess\DataAccess.csproj", "{6F964C69-35FF-4DD4-AEFD-8628CA00378C}"
EndProject
Project("{9A19103F-16F7-4668-BE54-9A1E7A4F7556}") = "Business", "Business\Business.csproj", "{D8977535-DD42-42B8-B149-5BCE181841B9}"
EndProject
Project("{9A19103F-16F7-4668-BE54-9A1E7A4F7556}") = "Entities", "Entities\Entities.csproj", "{4CCC9943-D628-4BD2-B509-F2187B756B31}"
EndProject
Project("{9A19103F-16F7-4668-BE54-9A1E7A4F7556}") = "ConsoleUI", "ConsoleUI\ConsoleUI.csproj", "{B751346D-A624-4A51-A5C2-F05FFF838E75}"
EndProject
Project("{FAE04EC0-301F-11D3-BF4B-00C04F79EFBC}") = "Core", "Core\Core.csproj", "{5FD8215D-E37E-494D-8FE5-81DD446CE513}"
EndProject
Project("{FAE04EC0-301F-11D3-BF4B-00C04F79EFBC}") = "WebAPI", "WebAPI\WebAPI.csproj", "{DF79C6CF-7CE0-4BEF-85F5-0CE1C0DDB107}"
EndProject
Global
	GlobalSection(SolutionConfigurationPlatforms) = preSolution
		Debug|Any CPU = Debug|Any CPU
		Release|Any CPU = Release|Any CPU
	EndGlobalSection
	GlobalSection(ProjectConfigurationPlatforms) = postSolution
		{6F964C69-35FF-4DD4-AEFD-8628CA00378C}.Debug|Any CPU.ActiveCfg = Debug|Any CPU
		{6F964C69-35FF-4DD4-AEFD-8628CA00378C}.Debug|Any CPU.Build.0 = Debug|Any CPU
		{6F964C69-35FF-4DD4-AEFD-8628CA00378C}.Release|Any CPU.ActiveCfg = Release|Any CPU
		{6F964C69-35FF-4DD4-AEFD-8628CA00378C}.Release|Any CPU.Build.0 = Release|Any CPU
		{D8977535-DD42-42B8-B149-5BCE181841B9}.Debug|Any CPU.ActiveCfg = Debug|Any CPU
		{D8977535-DD42-42B8-B149-5BCE181841B9}.Debug|Any CPU.Build.0 = Debug|Any CPU
		{D8977535-DD42-42B8-B149-5BCE181841B9}.Release|Any CPU.ActiveCfg = Release|Any CPU
		{D8977535-DD42-42B8-B149-5BCE181841B9}.Release|Any CPU.Build.0 = Release|Any CPU
		{4CCC9943-D628-4BD2-B509-F2187B756B31}.Debug|Any CPU.ActiveCfg = Debug|Any CPU
		{4CCC9943-D628-4BD2-B509-F2187B756B31}.Debug|Any CPU.Build.0 = Debug|Any CPU
		{4CCC9943-D628-4BD2-B509-F2187B756B31}.Release|Any CPU.ActiveCfg = Release|Any CPU
		{4CCC9943-D628-4BD2-B509-F2187B756B31}.Release|Any CPU.Build.0 = Release|Any CPU
		{B751346D-A624-4A51-A5C2-F05FFF838E75}.Debug|Any CPU.ActiveCfg = Debug|Any CPU
		{B751346D-A624-4A51-A5C2-F05FFF838E75}.Debug|Any CPU.Build.0 = Debug|Any CPU
		{B751346D-A624-4A51-A5C2-F05FFF838E75}.Release|Any CPU.ActiveCfg = Release|Any CPU
		{B751346D-A624-4A51-A5C2-F05FFF838E75}.Release|Any CPU.Build.0 = Release|Any CPU
		{5FD8215D-E37E-494D-8FE5-81DD446CE513}.Debug|Any CPU.ActiveCfg = Debug|Any CPU
		{5FD8215D-E37E-494D-8FE5-81DD446CE513}.Debug|Any CPU.Build.0 = Debug|Any CPU
		{5FD8215D-E37E-494D-8FE5-81DD446CE513}.Release|Any CPU.ActiveCfg = Release|Any CPU
		{5FD8215D-E37E-494D-8FE5-81DD446CE513}.Release|Any CPU.Build.0 = Release|Any CPU
		{DF79C6CF-7CE0-4BEF-85F5-0CE1C0DDB107}.Debug|Any CPU.ActiveCfg = Debug|Any CPU
		{DF79C6CF-7CE0-4BEF-85F5-0CE1C0DDB107}.Debug|Any CPU.Build.0 = Debug|Any CPU
		{DF79C6CF-7CE0-4BEF-85F5-0CE1C0DDB107}.Release|Any CPU.ActiveCfg = Release|Any CPU
		{DF79C6CF-7CE0-4BEF-85F5-0CE1C0DDB107}.Release|Any CPU.Build.0 = Release|Any CPU
	EndGlobalSection
	GlobalSection(SolutionProperties) = preSolution
		HideSolutionNode = FALSE
	EndGlobalSection
	GlobalSection(ExtensibilityGlobals) = postSolution
		SolutionGuid = {F56E071A-76FD-451A-80D2-2CEBB74A17E5}
	EndGlobalSection
EndGlobal
